
Microsoft Visual Studio Solution File, Format Version 12.00
# Visual Studio Version 16
VisualStudioVersion = 16.0.31613.86
MinimumVisualStudioVersion = 10.0.40219.1
Project("{FAE04EC0-301F-11D3-BF4B-00C04F79EFBC}") = "Vehicles.Common", "Vehicles.Common\Vehicles.Common.csproj", "{53699ECC-96B0-46B4-BAC0-0F7E7D51A810}"
EndProject
Project("{FAE04EC0-301F-11D3-BF4B-00C04F79EFBC}") = "Vehicles.API", "Vehicles.API\Vehicles.API.csproj", "{7B583407-24B8-4A45-AF45-8CE28EEB87A3}"
EndProject
Global
	GlobalSection(SolutionConfigurationPlatforms) = preSolution
		Debug|Any CPU = Debug|Any CPU
		Release|Any CPU = Release|Any CPU
	EndGlobalSection
	GlobalSection(ProjectConfigurationPlatforms) = postSolution
		{53699ECC-96B0-46B4-BAC0-0F7E7D51A810}.Debug|Any CPU.ActiveCfg = Debug|Any CPU
		{53699ECC-96B0-46B4-BAC0-0F7E7D51A810}.Debug|Any CPU.Build.0 = Debug|Any CPU
		{53699ECC-96B0-46B4-BAC0-0F7E7D51A810}.Release|Any CPU.ActiveCfg = Release|Any CPU
		{53699ECC-96B0-46B4-BAC0-0F7E7D51A810}.Release|Any CPU.Build.0 = Release|Any CPU
		{7B583407-24B8-4A45-AF45-8CE28EEB87A3}.Debug|Any CPU.ActiveCfg = Debug|Any CPU
		{7B583407-24B8-4A45-AF45-8CE28EEB87A3}.Debug|Any CPU.Build.0 = Debug|Any CPU
		{7B583407-24B8-4A45-AF45-8CE28EEB87A3}.Release|Any CPU.ActiveCfg = Release|Any CPU
		{7B583407-24B8-4A45-AF45-8CE28EEB87A3}.Release|Any CPU.Build.0 = Release|Any CPU
	EndGlobalSection
	GlobalSection(SolutionProperties) = preSolution
		HideSolutionNode = FALSE
	EndGlobalSection
	GlobalSection(ExtensibilityGlobals) = postSolution
		SolutionGuid = {BD0A57C1-7539-4589-BC14-39850E191A64}
	EndGlobalSection
EndGlobal
